
Microsoft Visual Studio Solution File, Format Version 12.00
Project("{FAE04EC0-301F-11D3-BF4B-00C04F79EFBC}") = "PolynomialTester", "PolynomialTester\PolynomialTester.csproj", "{AAF94BA5-B9A3-451B-8C4F-D62832C1D852}"
EndProject
Project("{FAE04EC0-301F-11D3-BF4B-00C04F79EFBC}") = "Lab1", "Lab1\Lab1.csproj", "{66FA1AD6-2F68-4A9A-A2A7-F0987D0C0FF0}"
EndProject
Project("{FAE04EC0-301F-11D3-BF4B-00C04F79EFBC}") = "ConverterTester", "ConverterTester\ConverterTester.csproj", "{F7DA50AE-E03D-4D36-B7EF-D76EAD55BF18}"
EndProject
Global
	GlobalSection(SolutionConfigurationPlatforms) = preSolution
		Debug|Any CPU = Debug|Any CPU
		Release|Any CPU = Release|Any CPU
	EndGlobalSection
	GlobalSection(ProjectConfigurationPlatforms) = postSolution
		{AAF94BA5-B9A3-451B-8C4F-D62832C1D852}.Debug|Any CPU.ActiveCfg = Debug|Any CPU
		{AAF94BA5-B9A3-451B-8C4F-D62832C1D852}.Debug|Any CPU.Build.0 = Debug|Any CPU
		{AAF94BA5-B9A3-451B-8C4F-D62832C1D852}.Release|Any CPU.ActiveCfg = Release|Any CPU
		{AAF94BA5-B9A3-451B-8C4F-D62832C1D852}.Release|Any CPU.Build.0 = Release|Any CPU
		{66FA1AD6-2F68-4A9A-A2A7-F0987D0C0FF0}.Debug|Any CPU.ActiveCfg = Debug|Any CPU
		{66FA1AD6-2F68-4A9A-A2A7-F0987D0C0FF0}.Debug|Any CPU.Build.0 = Debug|Any CPU
		{66FA1AD6-2F68-4A9A-A2A7-F0987D0C0FF0}.Release|Any CPU.ActiveCfg = Release|Any CPU
		{66FA1AD6-2F68-4A9A-A2A7-F0987D0C0FF0}.Release|Any CPU.Build.0 = Release|Any CPU
		{F7DA50AE-E03D-4D36-B7EF-D76EAD55BF18}.Debug|Any CPU.ActiveCfg = Debug|Any CPU
		{F7DA50AE-E03D-4D36-B7EF-D76EAD55BF18}.Debug|Any CPU.Build.0 = Debug|Any CPU
		{F7DA50AE-E03D-4D36-B7EF-D76EAD55BF18}.Release|Any CPU.ActiveCfg = Release|Any CPU
		{F7DA50AE-E03D-4D36-B7EF-D76EAD55BF18}.Release|Any CPU.Build.0 = Release|Any CPU
	EndGlobalSection
EndGlobal
